// !$*UTF8*$!
{
	archiveVersion = 1;
	classes = {
	};
	objectVersion = 50;
	objects = {

/* Begin PBXBuildFile section */
		1FA12550264C1E1F00902DA7 /* SearchBar.swift in Sources */ = {isa = PBXBuildFile; fileRef = 1FA1254F264C1E1F00902DA7 /* SearchBar.swift */; };
		1FA12555264C2CA200902DA7 /* TopContentView.swift in Sources */ = {isa = PBXBuildFile; fileRef = 1FA12554264C2CA200902DA7 /* TopContentView.swift */; };
		1FA1255A264C343C00902DA7 /* SearchCategoryView.swift in Sources */ = {isa = PBXBuildFile; fileRef = 1FA12559264C343C00902DA7 /* SearchCategoryView.swift */; };
		1FA12584264D7BF600902DA7 /* Categories.json in Resources */ = {isa = PBXBuildFile; fileRef = 1FA12583264D7BF600902DA7 /* Categories.json */; };
		1FA12591264D893E00902DA7 /* CategoryResultsModel.swift in Sources */ = {isa = PBXBuildFile; fileRef = 1FA12590264D893E00902DA7 /* CategoryResultsModel.swift */; };
		1FA125A1264D9C5A00902DA7 /* ThumbnailView.swift in Sources */ = {isa = PBXBuildFile; fileRef = 1FA125A0264D9C5A00902DA7 /* ThumbnailView.swift */; };
		1FA125C3265033A300902DA7 /* ItemRecordModel.swift in Sources */ = {isa = PBXBuildFile; fileRef = 1FA125C2265033A300902DA7 /* ItemRecordModel.swift */; };
		1FA125D926506C5E00902DA7 /* ResultsViewModel.swift in Sources */ = {isa = PBXBuildFile; fileRef = 1FA125D826506C5E00902DA7 /* ResultsViewModel.swift */; };
		1FA125EE2651785200902DA7 /* RecordViewModel.swift in Sources */ = {isa = PBXBuildFile; fileRef = 1FA125ED2651785200902DA7 /* RecordViewModel.swift */; };
		1FA1260D265534DB00902DA7 /* DetailView.swift in Sources */ = {isa = PBXBuildFile; fileRef = 1FA1260C265534DB00902DA7 /* DetailView.swift */; };
		1FA12612265535ED00902DA7 /* Constants.swift in Sources */ = {isa = PBXBuildFile; fileRef = 1FA12611265535ED00902DA7 /* Constants.swift */; };
		1FA126202655583900902DA7 /* DefaultRecordView.swift in Sources */ = {isa = PBXBuildFile; fileRef = 1FA1261F2655583900902DA7 /* DefaultRecordView.swift */; };
		1FA1262B2655617A00902DA7 /* Launch Screen.storyboard in Resources */ = {isa = PBXBuildFile; fileRef = 1FA1262A2655617A00902DA7 /* Launch Screen.storyboard */; };
		1FE6699A264AC60100CCB8B0 /* SmithsonianBrowserApp.swift in Sources */ = {isa = PBXBuildFile; fileRef = 1FE66999264AC60100CCB8B0 /* SmithsonianBrowserApp.swift */; };
		1FE6699E264AC60300CCB8B0 /* Assets.xcassets in Resources */ = {isa = PBXBuildFile; fileRef = 1FE6699D264AC60300CCB8B0 /* Assets.xcassets */; };
		1FE669A1264AC60300CCB8B0 /* Preview Assets.xcassets in Resources */ = {isa = PBXBuildFile; fileRef = 1FE669A0264AC60300CCB8B0 /* Preview Assets.xcassets */; };
		1FE669A3264AC60300CCB8B0 /* Persistence.swift in Sources */ = {isa = PBXBuildFile; fileRef = 1FE669A2264AC60300CCB8B0 /* Persistence.swift */; };
		1FE669A6264AC60300CCB8B0 /* SmithsonianBrowser.xcdatamodeld in Sources */ = {isa = PBXBuildFile; fileRef = 1FE669A4264AC60300CCB8B0 /* SmithsonianBrowser.xcdatamodeld */; };
		1FE669B1264AC60400CCB8B0 /* SmithsonianBrowserTests.swift in Sources */ = {isa = PBXBuildFile; fileRef = 1FE669B0264AC60400CCB8B0 /* SmithsonianBrowserTests.swift */; };
		1FE669BC264AC60400CCB8B0 /* SmithsonianBrowserUITests.swift in Sources */ = {isa = PBXBuildFile; fileRef = 1FE669BB264AC60400CCB8B0 /* SmithsonianBrowserUITests.swift */; };
		1FE669D1264AD2B600CCB8B0 /* DataModel.swift in Sources */ = {isa = PBXBuildFile; fileRef = 1FE669D0264AD2B600CCB8B0 /* DataModel.swift */; };
/* End PBXBuildFile section */

/* Begin PBXContainerItemProxy section */
		1FE669AD264AC60400CCB8B0 /* PBXContainerItemProxy */ = {
			isa = PBXContainerItemProxy;
			containerPortal = 1FE6698E264AC60100CCB8B0 /* Project object */;
			proxyType = 1;
			remoteGlobalIDString = 1FE66995264AC60100CCB8B0;
			remoteInfo = SmithsonianBrowser;
		};
		1FE669B8264AC60400CCB8B0 /* PBXContainerItemProxy */ = {
			isa = PBXContainerItemProxy;
			containerPortal = 1FE6698E264AC60100CCB8B0 /* Project object */;
			proxyType = 1;
			remoteGlobalIDString = 1FE66995264AC60100CCB8B0;
			remoteInfo = SmithsonianBrowser;
		};
/* End PBXContainerItemProxy section */

/* Begin PBXFileReference section */
		1FA1254F264C1E1F00902DA7 /* SearchBar.swift */ = {isa = PBXFileReference; lastKnownFileType = sourcecode.swift; path = SearchBar.swift; sourceTree = "<group>"; };
		1FA12554264C2CA200902DA7 /* TopContentView.swift */ = {isa = PBXFileReference; lastKnownFileType = sourcecode.swift; path = TopContentView.swift; sourceTree = "<group>"; };
		1FA12559264C343C00902DA7 /* SearchCategoryView.swift */ = {isa = PBXFileReference; lastKnownFileType = sourcecode.swift; path = SearchCategoryView.swift; sourceTree = "<group>"; };
		1FA12583264D7BF600902DA7 /* Categories.json */ = {isa = PBXFileReference; lastKnownFileType = text.json; path = Categories.json; sourceTree = "<group>"; };
		1FA12590264D893E00902DA7 /* CategoryResultsModel.swift */ = {isa = PBXFileReference; lastKnownFileType = sourcecode.swift; path = CategoryResultsModel.swift; sourceTree = "<group>"; };
		1FA125A0264D9C5A00902DA7 /* ThumbnailView.swift */ = {isa = PBXFileReference; lastKnownFileType = sourcecode.swift; path = ThumbnailView.swift; sourceTree = "<group>"; };
		1FA125C2265033A300902DA7 /* ItemRecordModel.swift */ = {isa = PBXFileReference; lastKnownFileType = sourcecode.swift; path = ItemRecordModel.swift; sourceTree = "<group>"; };
		1FA125D826506C5E00902DA7 /* ResultsViewModel.swift */ = {isa = PBXFileReference; lastKnownFileType = sourcecode.swift; path = ResultsViewModel.swift; sourceTree = "<group>"; };
		1FA125ED2651785200902DA7 /* RecordViewModel.swift */ = {isa = PBXFileReference; fileEncoding = 4; lastKnownFileType = sourcecode.swift; path = RecordViewModel.swift; sourceTree = "<group>"; };
		1FA1260C265534DB00902DA7 /* DetailView.swift */ = {isa = PBXFileReference; lastKnownFileType = sourcecode.swift; path = DetailView.swift; sourceTree = "<group>"; };
		1FA12611265535ED00902DA7 /* Constants.swift */ = {isa = PBXFileReference; lastKnownFileType = sourcecode.swift; path = Constants.swift; sourceTree = "<group>"; };
		1FA1261F2655583900902DA7 /* DefaultRecordView.swift */ = {isa = PBXFileReference; lastKnownFileType = sourcecode.swift; path = DefaultRecordView.swift; sourceTree = "<group>"; };
		1FA1262A2655617A00902DA7 /* Launch Screen.storyboard */ = {isa = PBXFileReference; lastKnownFileType = file.storyboard; path = "Launch Screen.storyboard"; sourceTree = "<group>"; };
		1FE66996264AC60100CCB8B0 /* SmithsonianBrowser.app */ = {isa = PBXFileReference; explicitFileType = wrapper.application; includeInIndex = 0; path = SmithsonianBrowser.app; sourceTree = BUILT_PRODUCTS_DIR; };
		1FE66999264AC60100CCB8B0 /* SmithsonianBrowserApp.swift */ = {isa = PBXFileReference; lastKnownFileType = sourcecode.swift; path = SmithsonianBrowserApp.swift; sourceTree = "<group>"; };
		1FE6699D264AC60300CCB8B0 /* Assets.xcassets */ = {isa = PBXFileReference; lastKnownFileType = folder.assetcatalog; path = Assets.xcassets; sourceTree = "<group>"; };
		1FE669A0264AC60300CCB8B0 /* Preview Assets.xcassets */ = {isa = PBXFileReference; lastKnownFileType = folder.assetcatalog; path = "Preview Assets.xcassets"; sourceTree = "<group>"; };
		1FE669A2264AC60300CCB8B0 /* Persistence.swift */ = {isa = PBXFileReference; lastKnownFileType = sourcecode.swift; path = Persistence.swift; sourceTree = "<group>"; };
		1FE669A5264AC60300CCB8B0 /* SmithsonianBrowser.xcdatamodel */ = {isa = PBXFileReference; lastKnownFileType = wrapper.xcdatamodel; path = SmithsonianBrowser.xcdatamodel; sourceTree = "<group>"; };
		1FE669A7264AC60300CCB8B0 /* Info.plist */ = {isa = PBXFileReference; lastKnownFileType = text.plist.xml; path = Info.plist; sourceTree = "<group>"; };
		1FE669AC264AC60400CCB8B0 /* SmithsonianBrowserTests.xctest */ = {isa = PBXFileReference; explicitFileType = wrapper.cfbundle; includeInIndex = 0; path = SmithsonianBrowserTests.xctest; sourceTree = BUILT_PRODUCTS_DIR; };
		1FE669B0264AC60400CCB8B0 /* SmithsonianBrowserTests.swift */ = {isa = PBXFileReference; lastKnownFileType = sourcecode.swift; path = SmithsonianBrowserTests.swift; sourceTree = "<group>"; };
		1FE669B2264AC60400CCB8B0 /* Info.plist */ = {isa = PBXFileReference; lastKnownFileType = text.plist.xml; path = Info.plist; sourceTree = "<group>"; };
		1FE669B7264AC60400CCB8B0 /* SmithsonianBrowserUITests.xctest */ = {isa = PBXFileReference; explicitFileType = wrapper.cfbundle; includeInIndex = 0; path = SmithsonianBrowserUITests.xctest; sourceTree = BUILT_PRODUCTS_DIR; };
		1FE669BB264AC60400CCB8B0 /* SmithsonianBrowserUITests.swift */ = {isa = PBXFileReference; lastKnownFileType = sourcecode.swift; path = SmithsonianBrowserUITests.swift; sourceTree = "<group>"; };
		1FE669BD264AC60400CCB8B0 /* Info.plist */ = {isa = PBXFileReference; lastKnownFileType = text.plist.xml; path = Info.plist; sourceTree = "<group>"; };
		1FE669D0264AD2B600CCB8B0 /* DataModel.swift */ = {isa = PBXFileReference; lastKnownFileType = sourcecode.swift; path = DataModel.swift; sourceTree = "<group>"; };
/* End PBXFileReference section */

/* Begin PBXFrameworksBuildPhase section */
		1FE66993264AC60100CCB8B0 /* Frameworks */ = {
			isa = PBXFrameworksBuildPhase;
			buildActionMask = 2147483647;
			files = (
			);
			runOnlyForDeploymentPostprocessing = 0;
		};
		1FE669A9264AC60400CCB8B0 /* Frameworks */ = {
			isa = PBXFrameworksBuildPhase;
			buildActionMask = 2147483647;
			files = (
			);
			runOnlyForDeploymentPostprocessing = 0;
		};
		1FE669B4264AC60400CCB8B0 /* Frameworks */ = {
			isa = PBXFrameworksBuildPhase;
			buildActionMask = 2147483647;
			files = (
			);
			runOnlyForDeploymentPostprocessing = 0;
		};
/* End PBXFrameworksBuildPhase section */

/* Begin PBXGroup section */
		1FA12572264D590300902DA7 /* Models */ = {
			isa = PBXGroup;
			children = (
				1FE669D0264AD2B600CCB8B0 /* DataModel.swift */,
				1FA125C2265033A300902DA7 /* ItemRecordModel.swift */,
				1FA12590264D893E00902DA7 /* CategoryResultsModel.swift */,
			);
			path = Models;
			sourceTree = "<group>";
		};
		1FA12574264D591E00902DA7 /* ViewModels */ = {
			isa = PBXGroup;
			children = (
				1FA125D826506C5E00902DA7 /* ResultsViewModel.swift */,
				1FA125ED2651785200902DA7 /* RecordViewModel.swift */,
			);
			path = ViewModels;
			sourceTree = "<group>";
		};
		1FA12577264D596100902DA7 /* Views */ = {
			isa = PBXGroup;
			children = (
				1FA12554264C2CA200902DA7 /* TopContentView.swift */,
				1FA1260C265534DB00902DA7 /* DetailView.swift */,
				1FA1254F264C1E1F00902DA7 /* SearchBar.swift */,
				1FA12559264C343C00902DA7 /* SearchCategoryView.swift */,
				1FA125A0264D9C5A00902DA7 /* ThumbnailView.swift */,
				1FA1261F2655583900902DA7 /* DefaultRecordView.swift */,
			);
			path = Views;
			sourceTree = "<group>";
		};
		1FE6698D264AC60100CCB8B0 = {
			isa = PBXGroup;
			children = (
				1FE66998264AC60100CCB8B0 /* SmithsonianBrowser */,
				1FE669AF264AC60400CCB8B0 /* SmithsonianBrowserTests */,
				1FE669BA264AC60400CCB8B0 /* SmithsonianBrowserUITests */,
				1FE66997264AC60100CCB8B0 /* Products */,
			);
			sourceTree = "<group>";
		};
		1FE66997264AC60100CCB8B0 /* Products */ = {
			isa = PBXGroup;
			children = (
				1FE66996264AC60100CCB8B0 /* SmithsonianBrowser.app */,
				1FE669AC264AC60400CCB8B0 /* SmithsonianBrowserTests.xctest */,
				1FE669B7264AC60400CCB8B0 /* SmithsonianBrowserUITests.xctest */,
			);
			name = Products;
			sourceTree = "<group>";
		};
		1FE66998264AC60100CCB8B0 /* SmithsonianBrowser */ = {
			isa = PBXGroup;
			children = (
				1FA12577264D596100902DA7 /* Views */,
				1FA12574264D591E00902DA7 /* ViewModels */,
				1FA12572264D590300902DA7 /* Models */,
				1FE66999264AC60100CCB8B0 /* SmithsonianBrowserApp.swift */,
				1FE6699D264AC60300CCB8B0 /* Assets.xcassets */,
				1FA12611265535ED00902DA7 /* Constants.swift */,
				1FA1262A2655617A00902DA7 /* Launch Screen.storyboard */,
				1FE669A2264AC60300CCB8B0 /* Persistence.swift */,
				1FE669A7264AC60300CCB8B0 /* Info.plist */,
				1FE669A4264AC60300CCB8B0 /* SmithsonianBrowser.xcdatamodeld */,
				1FE6699F264AC60300CCB8B0 /* Preview Content */,
				1FA12583264D7BF600902DA7 /* Categories.json */,
			);
			path = SmithsonianBrowser;
			sourceTree = "<group>";
		};
		1FE6699F264AC60300CCB8B0 /* Preview Content */ = {
			isa = PBXGroup;
			children = (
				1FE669A0264AC60300CCB8B0 /* Preview Assets.xcassets */,
			);
			path = "Preview Content";
			sourceTree = "<group>";
		};
		1FE669AF264AC60400CCB8B0 /* SmithsonianBrowserTests */ = {
			isa = PBXGroup;
			children = (
				1FE669B0264AC60400CCB8B0 /* SmithsonianBrowserTests.swift */,
				1FE669B2264AC60400CCB8B0 /* Info.plist */,
			);
			path = SmithsonianBrowserTests;
			sourceTree = "<group>";
		};
		1FE669BA264AC60400CCB8B0 /* SmithsonianBrowserUITests */ = {
			isa = PBXGroup;
			children = (
				1FE669BB264AC60400CCB8B0 /* SmithsonianBrowserUITests.swift */,
				1FE669BD264AC60400CCB8B0 /* Info.plist */,
			);
			path = SmithsonianBrowserUITests;
			sourceTree = "<group>";
		};
/* End PBXGroup section */

/* Begin PBXNativeTarget section */
		1FE66995264AC60100CCB8B0 /* SmithsonianBrowser */ = {
			isa = PBXNativeTarget;
			buildConfigurationList = 1FE669C0264AC60400CCB8B0 /* Build configuration list for PBXNativeTarget "SmithsonianBrowser" */;
			buildPhases = (
				1FE66992264AC60100CCB8B0 /* Sources */,
				1FE66993264AC60100CCB8B0 /* Frameworks */,
				1FE66994264AC60100CCB8B0 /* Resources */,
			);
			buildRules = (
			);
			dependencies = (
			);
			name = SmithsonianBrowser;
			productName = SmithsonianBrowser;
			productReference = 1FE66996264AC60100CCB8B0 /* SmithsonianBrowser.app */;
			productType = "com.apple.product-type.application";
		};
		1FE669AB264AC60400CCB8B0 /* SmithsonianBrowserTests */ = {
			isa = PBXNativeTarget;
			buildConfigurationList = 1FE669C3264AC60400CCB8B0 /* Build configuration list for PBXNativeTarget "SmithsonianBrowserTests" */;
			buildPhases = (
				1FE669A8264AC60400CCB8B0 /* Sources */,
				1FE669A9264AC60400CCB8B0 /* Frameworks */,
				1FE669AA264AC60400CCB8B0 /* Resources */,
			);
			buildRules = (
			);
			dependencies = (
				1FE669AE264AC60400CCB8B0 /* PBXTargetDependency */,
			);
			name = SmithsonianBrowserTests;
			productName = SmithsonianBrowserTests;
			productReference = 1FE669AC264AC60400CCB8B0 /* SmithsonianBrowserTests.xctest */;
			productType = "com.apple.product-type.bundle.unit-test";
		};
		1FE669B6264AC60400CCB8B0 /* SmithsonianBrowserUITests */ = {
			isa = PBXNativeTarget;
			buildConfigurationList = 1FE669C6264AC60400CCB8B0 /* Build configuration list for PBXNativeTarget "SmithsonianBrowserUITests" */;
			buildPhases = (
				1FE669B3264AC60400CCB8B0 /* Sources */,
				1FE669B4264AC60400CCB8B0 /* Frameworks */,
				1FE669B5264AC60400CCB8B0 /* Resources */,
			);
			buildRules = (
			);
			dependencies = (
				1FE669B9264AC60400CCB8B0 /* PBXTargetDependency */,
			);
			name = SmithsonianBrowserUITests;
			productName = SmithsonianBrowserUITests;
			productReference = 1FE669B7264AC60400CCB8B0 /* SmithsonianBrowserUITests.xctest */;
			productType = "com.apple.product-type.bundle.ui-testing";
		};
/* End PBXNativeTarget section */

/* Begin PBXProject section */
		1FE6698E264AC60100CCB8B0 /* Project object */ = {
			isa = PBXProject;
			attributes = {
				LastSwiftUpdateCheck = 1240;
				LastUpgradeCheck = 1240;
				TargetAttributes = {
					1FE66995264AC60100CCB8B0 = {
						CreatedOnToolsVersion = 12.4;
					};
					1FE669AB264AC60400CCB8B0 = {
						CreatedOnToolsVersion = 12.4;
						TestTargetID = 1FE66995264AC60100CCB8B0;
					};
					1FE669B6264AC60400CCB8B0 = {
						CreatedOnToolsVersion = 12.4;
						TestTargetID = 1FE66995264AC60100CCB8B0;
					};
				};
			};
			buildConfigurationList = 1FE66991264AC60100CCB8B0 /* Build configuration list for PBXProject "SmithsonianBrowser" */;
			compatibilityVersion = "Xcode 9.3";
			developmentRegion = en;
			hasScannedForEncodings = 0;
			knownRegions = (
				en,
				Base,
			);
			mainGroup = 1FE6698D264AC60100CCB8B0;
			productRefGroup = 1FE66997264AC60100CCB8B0 /* Products */;
			projectDirPath = "";
			projectRoot = "";
			targets = (
				1FE66995264AC60100CCB8B0 /* SmithsonianBrowser */,
				1FE669AB264AC60400CCB8B0 /* SmithsonianBrowserTests */,
				1FE669B6264AC60400CCB8B0 /* SmithsonianBrowserUITests */,
			);
		};
/* End PBXProject section */

/* Begin PBXResourcesBuildPhase section */
		1FE66994264AC60100CCB8B0 /* Resources */ = {
			isa = PBXResourcesBuildPhase;
			buildActionMask = 2147483647;
			files = (
				1FE669A1264AC60300CCB8B0 /* Preview Assets.xcassets in Resources */,
				1FA12584264D7BF600902DA7 /* Categories.json in Resources */,
				1FA1262B2655617A00902DA7 /* Launch Screen.storyboard in Resources */,
				1FE6699E264AC60300CCB8B0 /* Assets.xcassets in Resources */,
			);
			runOnlyForDeploymentPostprocessing = 0;
		};
		1FE669AA264AC60400CCB8B0 /* Resources */ = {
			isa = PBXResourcesBuildPhase;
			buildActionMask = 2147483647;
			files = (
			);
			runOnlyForDeploymentPostprocessing = 0;
		};
		1FE669B5264AC60400CCB8B0 /* Resources */ = {
			isa = PBXResourcesBuildPhase;
			buildActionMask = 2147483647;
			files = (
			);
			runOnlyForDeploymentPostprocessing = 0;
		};
/* End PBXResourcesBuildPhase section */

/* Begin PBXSourcesBuildPhase section */
		1FE66992264AC60100CCB8B0 /* Sources */ = {
			isa = PBXSourcesBuildPhase;
			buildActionMask = 2147483647;
			files = (
				1FE669D1264AD2B600CCB8B0 /* DataModel.swift in Sources */,
				1FA126202655583900902DA7 /* DefaultRecordView.swift in Sources */,
				1FA1255A264C343C00902DA7 /* SearchCategoryView.swift in Sources */,
				1FA125C3265033A300902DA7 /* ItemRecordModel.swift in Sources */,
				1FA1260D265534DB00902DA7 /* DetailView.swift in Sources */,
				1FA12591264D893E00902DA7 /* CategoryResultsModel.swift in Sources */,
				1FA12612265535ED00902DA7 /* Constants.swift in Sources */,
				1FE669A6264AC60300CCB8B0 /* SmithsonianBrowser.xcdatamodeld in Sources */,
				1FA125D926506C5E00902DA7 /* ResultsViewModel.swift in Sources */,
				1FE669A3264AC60300CCB8B0 /* Persistence.swift in Sources */,
				1FA125EE2651785200902DA7 /* RecordViewModel.swift in Sources */,
				1FE6699A264AC60100CCB8B0 /* SmithsonianBrowserApp.swift in Sources */,
				1FA125A1264D9C5A00902DA7 /* ThumbnailView.swift in Sources */,
				1FA12550264C1E1F00902DA7 /* SearchBar.swift in Sources */,
				1FA12555264C2CA200902DA7 /* TopContentView.swift in Sources */,
			);
			runOnlyForDeploymentPostprocessing = 0;
		};
		1FE669A8264AC60400CCB8B0 /* Sources */ = {
			isa = PBXSourcesBuildPhase;
			buildActionMask = 2147483647;
			files = (
				1FE669B1264AC60400CCB8B0 /* SmithsonianBrowserTests.swift in Sources */,
			);
			runOnlyForDeploymentPostprocessing = 0;
		};
		1FE669B3264AC60400CCB8B0 /* Sources */ = {
			isa = PBXSourcesBuildPhase;
			buildActionMask = 2147483647;
			files = (
				1FE669BC264AC60400CCB8B0 /* SmithsonianBrowserUITests.swift in Sources */,
			);
			runOnlyForDeploymentPostprocessing = 0;
		};
/* End PBXSourcesBuildPhase section */

/* Begin PBXTargetDependency section */
		1FE669AE264AC60400CCB8B0 /* PBXTargetDependency */ = {
			isa = PBXTargetDependency;
			target = 1FE66995264AC60100CCB8B0 /* SmithsonianBrowser */;
			targetProxy = 1FE669AD264AC60400CCB8B0 /* PBXContainerItemProxy */;
		};
		1FE669B9264AC60400CCB8B0 /* PBXTargetDependency */ = {
			isa = PBXTargetDependency;
			target = 1FE66995264AC60100CCB8B0 /* SmithsonianBrowser */;
			targetProxy = 1FE669B8264AC60400CCB8B0 /* PBXContainerItemProxy */;
		};
/* End PBXTargetDependency section */

/* Begin XCBuildConfiguration section */
		1FE669BE264AC60400CCB8B0 /* Debug */ = {
			isa = XCBuildConfiguration;
			buildSettings = {
				ALWAYS_SEARCH_USER_PATHS = NO;
				CLANG_ANALYZER_NONNULL = YES;
				CLANG_ANALYZER_NUMBER_OBJECT_CONVERSION = YES_AGGRESSIVE;
				CLANG_CXX_LANGUAGE_STANDARD = "gnu++14";
				CLANG_CXX_LIBRARY = "libc++";
				CLANG_ENABLE_MODULES = YES;
				CLANG_ENABLE_OBJC_ARC = YES;
				CLANG_ENABLE_OBJC_WEAK = YES;
				CLANG_WARN_BLOCK_CAPTURE_AUTORELEASING = YES;
				CLANG_WARN_BOOL_CONVERSION = YES;
				CLANG_WARN_COMMA = YES;
				CLANG_WARN_CONSTANT_CONVERSION = YES;
				CLANG_WARN_DEPRECATED_OBJC_IMPLEMENTATIONS = YES;
				CLANG_WARN_DIRECT_OBJC_ISA_USAGE = YES_ERROR;
				CLANG_WARN_DOCUMENTATION_COMMENTS = YES;
				CLANG_WARN_EMPTY_BODY = YES;
				CLANG_WARN_ENUM_CONVERSION = YES;
				CLANG_WARN_INFINITE_RECURSION = YES;
				CLANG_WARN_INT_CONVERSION = YES;
				CLANG_WARN_NON_LITERAL_NULL_CONVERSION = YES;
				CLANG_WARN_OBJC_IMPLICIT_RETAIN_SELF = YES;
				CLANG_WARN_OBJC_LITERAL_CONVERSION = YES;
				CLANG_WARN_OBJC_ROOT_CLASS = YES_ERROR;
				CLANG_WARN_QUOTED_INCLUDE_IN_FRAMEWORK_HEADER = YES;
				CLANG_WARN_RANGE_LOOP_ANALYSIS = YES;
				CLANG_WARN_STRICT_PROTOTYPES = YES;
				CLANG_WARN_SUSPICIOUS_MOVE = YES;
				CLANG_WARN_UNGUARDED_AVAILABILITY = YES_AGGRESSIVE;
				CLANG_WARN_UNREACHABLE_CODE = YES;
				CLANG_WARN__DUPLICATE_METHOD_MATCH = YES;
				COPY_PHASE_STRIP = NO;
				DEBUG_INFORMATION_FORMAT = dwarf;
				ENABLE_STRICT_OBJC_MSGSEND = YES;
				ENABLE_TESTABILITY = YES;
				GCC_C_LANGUAGE_STANDARD = gnu11;
				GCC_DYNAMIC_NO_PIC = NO;
				GCC_NO_COMMON_BLOCKS = YES;
				GCC_OPTIMIZATION_LEVEL = 0;
				GCC_PREPROCESSOR_DEFINITIONS = (
					"DEBUG=1",
					"$(inherited)",
				);
				GCC_WARN_64_TO_32_BIT_CONVERSION = YES;
				GCC_WARN_ABOUT_RETURN_TYPE = YES_ERROR;
				GCC_WARN_UNDECLARED_SELECTOR = YES;
				GCC_WARN_UNINITIALIZED_AUTOS = YES_AGGRESSIVE;
				GCC_WARN_UNUSED_FUNCTION = YES;
				GCC_WARN_UNUSED_VARIABLE = YES;
				IPHONEOS_DEPLOYMENT_TARGET = 14.4;
				MTL_ENABLE_DEBUG_INFO = INCLUDE_SOURCE;
				MTL_FAST_MATH = YES;
				ONLY_ACTIVE_ARCH = YES;
				SDKROOT = iphoneos;
				SWIFT_ACTIVE_COMPILATION_CONDITIONS = DEBUG;
				SWIFT_OPTIMIZATION_LEVEL = "-Onone";
			};
			name = Debug;
		};
		1FE669BF264AC60400CCB8B0 /* Release */ = {
			isa = XCBuildConfiguration;
			buildSettings = {
				ALWAYS_SEARCH_USER_PATHS = NO;
				CLANG_ANALYZER_NONNULL = YES;
				CLANG_ANALYZER_NUMBER_OBJECT_CONVERSION = YES_AGGRESSIVE;
				CLANG_CXX_LANGUAGE_STANDARD = "gnu++14";
				CLANG_CXX_LIBRARY = "libc++";
				CLANG_ENABLE_MODULES = YES;
				CLANG_ENABLE_OBJC_ARC = YES;
				CLANG_ENABLE_OBJC_WEAK = YES;
				CLANG_WARN_BLOCK_CAPTURE_AUTORELEASING = YES;
				CLANG_WARN_BOOL_CONVERSION = YES;
				CLANG_WARN_COMMA = YES;
				CLANG_WARN_CONSTANT_CONVERSION = YES;
				CLANG_WARN_DEPRECATED_OBJC_IMPLEMENTATIONS = YES;
				CLANG_WARN_DIRECT_OBJC_ISA_USAGE = YES_ERROR;
				CLANG_WARN_DOCUMENTATION_COMMENTS = YES;
				CLANG_WARN_EMPTY_BODY = YES;
				CLANG_WARN_ENUM_CONVERSION = YES;
				CLANG_WARN_INFINITE_RECURSION = YES;
				CLANG_WARN_INT_CONVERSION = YES;
				CLANG_WARN_NON_LITERAL_NULL_CONVERSION = YES;
				CLANG_WARN_OBJC_IMPLICIT_RETAIN_SELF = YES;
				CLANG_WARN_OBJC_LITERAL_CONVERSION = YES;
				CLANG_WARN_OBJC_ROOT_CLASS = YES_ERROR;
				CLANG_WARN_QUOTED_INCLUDE_IN_FRAMEWORK_HEADER = YES;
				CLANG_WARN_RANGE_LOOP_ANALYSIS = YES;
				CLANG_WARN_STRICT_PROTOTYPES = YES;
				CLANG_WARN_SUSPICIOUS_MOVE = YES;
				CLANG_WARN_UNGUARDED_AVAILABILITY = YES_AGGRESSIVE;
				CLANG_WARN_UNREACHABLE_CODE = YES;
				CLANG_WARN__DUPLICATE_METHOD_MATCH = YES;
				COPY_PHASE_STRIP = NO;
				DEBUG_INFORMATION_FORMAT = "dwarf-with-dsym";
				ENABLE_NS_ASSERTIONS = NO;
				ENABLE_STRICT_OBJC_MSGSEND = YES;
				GCC_C_LANGUAGE_STANDARD = gnu11;
				GCC_NO_COMMON_BLOCKS = YES;
				GCC_WARN_64_TO_32_BIT_CONVERSION = YES;
				GCC_WARN_ABOUT_RETURN_TYPE = YES_ERROR;
				GCC_WARN_UNDECLARED_SELECTOR = YES;
				GCC_WARN_UNINITIALIZED_AUTOS = YES_AGGRESSIVE;
				GCC_WARN_UNUSED_FUNCTION = YES;
				GCC_WARN_UNUSED_VARIABLE = YES;
				IPHONEOS_DEPLOYMENT_TARGET = 14.4;
				MTL_ENABLE_DEBUG_INFO = NO;
				MTL_FAST_MATH = YES;
				SDKROOT = iphoneos;
				SWIFT_COMPILATION_MODE = wholemodule;
				SWIFT_OPTIMIZATION_LEVEL = "-O";
				VALIDATE_PRODUCT = YES;
			};
			name = Release;
		};
		1FE669C1264AC60400CCB8B0 /* Debug */ = {
			isa = XCBuildConfiguration;
			buildSettings = {
				ASSETCATALOG_COMPILER_APPICON_NAME = AppIcon;
				ASSETCATALOG_COMPILER_GLOBAL_ACCENT_COLOR_NAME = AccentColor;
				CODE_SIGN_STYLE = Automatic;
				DEVELOPMENT_ASSET_PATHS = "\"SmithsonianBrowser/Preview Content\"";
				DEVELOPMENT_TEAM = 7QCSL3L6DE;
				ENABLE_PREVIEWS = YES;
				INFOPLIST_FILE = SmithsonianBrowser/Info.plist;
				IPHONEOS_DEPLOYMENT_TARGET = 14.0;
				LD_RUNPATH_SEARCH_PATHS = (
					"$(inherited)",
					"@executable_path/Frameworks",
				);
				PRODUCT_BUNDLE_IDENTIFIER = com.jhandy.SmithsonianBrowser;
				PRODUCT_NAME = "$(TARGET_NAME)";
				SWIFT_VERSION = 5.0;
				TARGETED_DEVICE_FAMILY = 1;
			};
			name = Debug;
		};
		1FE669C2264AC60400CCB8B0 /* Release */ = {
			isa = XCBuildConfiguration;
			buildSettings = {
				ASSETCATALOG_COMPILER_APPICON_NAME = AppIcon;
				ASSETCATALOG_COMPILER_GLOBAL_ACCENT_COLOR_NAME = AccentColor;
				CODE_SIGN_STYLE = Automatic;
				DEVELOPMENT_ASSET_PATHS = "\"SmithsonianBrowser/Preview Content\"";
				DEVELOPMENT_TEAM = 7QCSL3L6DE;
				ENABLE_PREVIEWS = YES;
				INFOPLIST_FILE = SmithsonianBrowser/Info.plist;
				IPHONEOS_DEPLOYMENT_TARGET = 14.0;
				LD_RUNPATH_SEARCH_PATHS = (
					"$(inherited)",
					"@executable_path/Frameworks",
				);
				PRODUCT_BUNDLE_IDENTIFIER = com.jhandy.SmithsonianBrowser;
				PRODUCT_NAME = "$(TARGET_NAME)";
				SWIFT_VERSION = 5.0;
				TARGETED_DEVICE_FAMILY = 1;
			};
			name = Release;
		};
		1FE669C4264AC60400CCB8B0 /* Debug */ = {
			isa = XCBuildConfiguration;
			buildSettings = {
				ALWAYS_EMBED_SWIFT_STANDARD_LIBRARIES = YES;
				BUNDLE_LOADER = "$(TEST_HOST)";
				CODE_SIGN_STYLE = Automatic;
				DEVELOPMENT_TEAM = 7QCSL3L6DE;
				INFOPLIST_FILE = SmithsonianBrowserTests/Info.plist;
				IPHONEOS_DEPLOYMENT_TARGET = 14.0;
				LD_RUNPATH_SEARCH_PATHS = (
					"$(inherited)",
					"@executable_path/Frameworks",
					"@loader_path/Frameworks",
				);
				PRODUCT_BUNDLE_IDENTIFIER = com.jhandy.SmithsonianBrowserTests;
				PRODUCT_NAME = "$(TARGET_NAME)";
				SWIFT_VERSION = 5.0;
				TARGETED_DEVICE_FAMILY = "1,2";
				TEST_HOST = "$(BUILT_PRODUCTS_DIR)/SmithsonianBrowser.app/SmithsonianBrowser";
			};
			name = Debug;
		};
		1FE669C5264AC60400CCB8B0 /* Release */ = {
			isa = XCBuildConfiguration;
			buildSettings = {
				ALWAYS_EMBED_SWIFT_STANDARD_LIBRARIES = YES;
				BUNDLE_LOADER = "$(TEST_HOST)";
				CODE_SIGN_STYLE = Automatic;
				DEVELOPMENT_TEAM = 7QCSL3L6DE;
				INFOPLIST_FILE = SmithsonianBrowserTests/Info.plist;
				IPHONEOS_DEPLOYMENT_TARGET = 14.0;
				LD_RUNPATH_SEARCH_PATHS = (
					"$(inherited)",
					"@executable_path/Frameworks",
					"@loader_path/Frameworks",
				);
				PRODUCT_BUNDLE_IDENTIFIER = com.jhandy.SmithsonianBrowserTests;
				PRODUCT_NAME = "$(TARGET_NAME)";
				SWIFT_VERSION = 5.0;
				TARGETED_DEVICE_FAMILY = "1,2";
				TEST_HOST = "$(BUILT_PRODUCTS_DIR)/SmithsonianBrowser.app/SmithsonianBrowser";
			};
			name = Release;
		};
		1FE669C7264AC60400CCB8B0 /* Debug */ = {
			isa = XCBuildConfiguration;
			buildSettings = {
				ALWAYS_EMBED_SWIFT_STANDARD_LIBRARIES = YES;
				CODE_SIGN_STYLE = Automatic;
				DEVELOPMENT_TEAM = 7QCSL3L6DE;
				INFOPLIST_FILE = SmithsonianBrowserUITests/Info.plist;
				LD_RUNPATH_SEARCH_PATHS = (
					"$(inherited)",
					"@executable_path/Frameworks",
					"@loader_path/Frameworks",
				);
				PRODUCT_BUNDLE_IDENTIFIER = com.jhandy.SmithsonianBrowserUITests;
				PRODUCT_NAME = "$(TARGET_NAME)";
				SWIFT_VERSION = 5.0;
				TARGETED_DEVICE_FAMILY = "1,2";
				TEST_TARGET_NAME = SmithsonianBrowser;
			};
			name = Debug;
		};
		1FE669C8264AC60400CCB8B0 /* Release */ = {
			isa = XCBuildConfiguration;
			buildSettings = {
				ALWAYS_EMBED_SWIFT_STANDARD_LIBRARIES = YES;
				CODE_SIGN_STYLE = Automatic;
				DEVELOPMENT_TEAM = 7QCSL3L6DE;
				INFOPLIST_FILE = SmithsonianBrowserUITests/Info.plist;
				LD_RUNPATH_SEARCH_PATHS = (
					"$(inherited)",
					"@executable_path/Frameworks",
					"@loader_path/Frameworks",
				);
				PRODUCT_BUNDLE_IDENTIFIER = com.jhandy.SmithsonianBrowserUITests;
				PRODUCT_NAME = "$(TARGET_NAME)";
				SWIFT_VERSION = 5.0;
				TARGETED_DEVICE_FAMILY = "1,2";
				TEST_TARGET_NAME = SmithsonianBrowser;
			};
			name = Release;
		};
/* End XCBuildConfiguration section */

/* Begin XCConfigurationList section */
		1FE66991264AC60100CCB8B0 /* Build configuration list for PBXProject "SmithsonianBrowser" */ = {
			isa = XCConfigurationList;
			buildConfigurations = (
				1FE669BE264AC60400CCB8B0 /* Debug */,
				1FE669BF264AC60400CCB8B0 /* Release */,
			);
			defaultConfigurationIsVisible = 0;
			defaultConfigurationName = Release;
		};
		1FE669C0264AC60400CCB8B0 /* Build configuration list for PBXNativeTarget "SmithsonianBrowser" */ = {
			isa = XCConfigurationList;
			buildConfigurations = (
				1FE669C1264AC60400CCB8B0 /* Debug */,
				1FE669C2264AC60400CCB8B0 /* Release */,
			);
			defaultConfigurationIsVisible = 0;
			defaultConfigurationName = Release;
		};
		1FE669C3264AC60400CCB8B0 /* Build configuration list for PBXNativeTarget "SmithsonianBrowserTests" */ = {
			isa = XCConfigurationList;
			buildConfigurations = (
				1FE669C4264AC60400CCB8B0 /* Debug */,
				1FE669C5264AC60400CCB8B0 /* Release */,
			);
			defaultConfigurationIsVisible = 0;
			defaultConfigurationName = Release;
		};
		1FE669C6264AC60400CCB8B0 /* Build configuration list for PBXNativeTarget "SmithsonianBrowserUITests" */ = {
			isa = XCConfigurationList;
			buildConfigurations = (
				1FE669C7264AC60400CCB8B0 /* Debug */,
				1FE669C8264AC60400CCB8B0 /* Release */,
			);
			defaultConfigurationIsVisible = 0;
			defaultConfigurationName = Release;
		};
/* End XCConfigurationList section */

/* Begin XCVersionGroup section */
		1FE669A4264AC60300CCB8B0 /* SmithsonianBrowser.xcdatamodeld */ = {
			isa = XCVersionGroup;
			children = (
				1FE669A5264AC60300CCB8B0 /* SmithsonianBrowser.xcdatamodel */,
			);
			currentVersion = 1FE669A5264AC60300CCB8B0 /* SmithsonianBrowser.xcdatamodel */;
			path = SmithsonianBrowser.xcdatamodeld;
			sourceTree = "<group>";
			versionGroupType = wrapper.xcdatamodel;
		};
/* End XCVersionGroup section */
	};
	rootObject = 1FE6698E264AC60100CCB8B0 /* Project object */;
}
